
Microsoft Visual Studio Solution File, Format Version 12.00
# Visual Studio 14
VisualStudioVersion = 14.0.25123.0
MinimumVisualStudioVersion = 10.0.40219.1
Project("{FAE04EC0-301F-11D3-BF4B-00C04F79EFBC}") = "MyFirstConsoleApplication", "MyFirstConsoleApplication\MyFirstConsoleApplication.csproj", "{A1B1D99D-34C7-4AC2-84FA-C65786DF56AF}"
EndProject
Project("{FAE04EC0-301F-11D3-BF4B-00C04F79EFBC}") = "Arithmetic average", "Arithmetic average\Arithmetic average.csproj", "{AE7A47FC-C22F-425E-8D92-9282AD9C73A6}"
EndProject
Project("{FAE04EC0-301F-11D3-BF4B-00C04F79EFBC}") = "Absolute Value", "ConsoleApplication2\Absolute Value.csproj", "{3EF1A712-1C78-4B27-92ED-8EA83EC53C78}"
EndProject
Project("{FAE04EC0-301F-11D3-BF4B-00C04F79EFBC}") = "Deposit - calculation", "Deposit - calculation\Deposit - calculation.csproj", "{8231098B-0834-488A-AA9C-59E53E920F0A}"
EndProject
Project("{FAE04EC0-301F-11D3-BF4B-00C04F79EFBC}") = "Task4", "Task4\Task4.csproj", "{956A5F2B-C3E2-4EF1-B36A-5173A8FFA7BF}"
EndProject
Project("{FAE04EC0-301F-11D3-BF4B-00C04F79EFBC}") = "Task5", "Task5\Task5.csproj", "{7748461D-6FB2-4A66-8BAB-C9C88CFDD720}"
EndProject
Global
	GlobalSection(SolutionConfigurationPlatforms) = preSolution
		Debug|Any CPU = Debug|Any CPU
		Release|Any CPU = Release|Any CPU
	EndGlobalSection
	GlobalSection(ProjectConfigurationPlatforms) = postSolution
		{A1B1D99D-34C7-4AC2-84FA-C65786DF56AF}.Debug|Any CPU.ActiveCfg = Debug|Any CPU
		{A1B1D99D-34C7-4AC2-84FA-C65786DF56AF}.Debug|Any CPU.Build.0 = Debug|Any CPU
		{A1B1D99D-34C7-4AC2-84FA-C65786DF56AF}.Release|Any CPU.ActiveCfg = Release|Any CPU
		{A1B1D99D-34C7-4AC2-84FA-C65786DF56AF}.Release|Any CPU.Build.0 = Release|Any CPU
		{AE7A47FC-C22F-425E-8D92-9282AD9C73A6}.Debug|Any CPU.ActiveCfg = Debug|Any CPU
		{AE7A47FC-C22F-425E-8D92-9282AD9C73A6}.Debug|Any CPU.Build.0 = Debug|Any CPU
		{AE7A47FC-C22F-425E-8D92-9282AD9C73A6}.Release|Any CPU.ActiveCfg = Release|Any CPU
		{AE7A47FC-C22F-425E-8D92-9282AD9C73A6}.Release|Any CPU.Build.0 = Release|Any CPU
		{3EF1A712-1C78-4B27-92ED-8EA83EC53C78}.Debug|Any CPU.ActiveCfg = Debug|Any CPU
		{3EF1A712-1C78-4B27-92ED-8EA83EC53C78}.Debug|Any CPU.Build.0 = Debug|Any CPU
		{3EF1A712-1C78-4B27-92ED-8EA83EC53C78}.Release|Any CPU.ActiveCfg = Release|Any CPU
		{3EF1A712-1C78-4B27-92ED-8EA83EC53C78}.Release|Any CPU.Build.0 = Release|Any CPU
		{8231098B-0834-488A-AA9C-59E53E920F0A}.Debug|Any CPU.ActiveCfg = Debug|Any CPU
		{8231098B-0834-488A-AA9C-59E53E920F0A}.Debug|Any CPU.Build.0 = Debug|Any CPU
		{8231098B-0834-488A-AA9C-59E53E920F0A}.Release|Any CPU.ActiveCfg = Release|Any CPU
		{8231098B-0834-488A-AA9C-59E53E920F0A}.Release|Any CPU.Build.0 = Release|Any CPU
		{956A5F2B-C3E2-4EF1-B36A-5173A8FFA7BF}.Debug|Any CPU.ActiveCfg = Debug|Any CPU
		{956A5F2B-C3E2-4EF1-B36A-5173A8FFA7BF}.Debug|Any CPU.Build.0 = Debug|Any CPU
		{956A5F2B-C3E2-4EF1-B36A-5173A8FFA7BF}.Release|Any CPU.ActiveCfg = Release|Any CPU
		{956A5F2B-C3E2-4EF1-B36A-5173A8FFA7BF}.Release|Any CPU.Build.0 = Release|Any CPU
		{7748461D-6FB2-4A66-8BAB-C9C88CFDD720}.Debug|Any CPU.ActiveCfg = Debug|Any CPU
		{7748461D-6FB2-4A66-8BAB-C9C88CFDD720}.Debug|Any CPU.Build.0 = Debug|Any CPU
		{7748461D-6FB2-4A66-8BAB-C9C88CFDD720}.Release|Any CPU.ActiveCfg = Release|Any CPU
		{7748461D-6FB2-4A66-8BAB-C9C88CFDD720}.Release|Any CPU.Build.0 = Release|Any CPU
	EndGlobalSection
	GlobalSection(SolutionProperties) = preSolution
		HideSolutionNode = FALSE
	EndGlobalSection
EndGlobal
